// !$*UTF8*$!
{
	archiveVersion = 1;
	classes = {
	};
	objectVersion = 50;
	objects = {

/* Begin PBXBuildFile section */
		8B9CB7E2275BD27E005C47C1 /* HomeScreen.swift in Sources */ = {isa = PBXBuildFile; fileRef = 8B9CB7E1275BD27E005C47C1 /* HomeScreen.swift */; };
		8B9CB7E4275BEC62005C47C1 /* DetailScreen.swift in Sources */ = {isa = PBXBuildFile; fileRef = 8B9CB7E3275BEC62005C47C1 /* DetailScreen.swift */; };
		8BA19817275B93D0002B717E /* AppDelegate.swift in Sources */ = {isa = PBXBuildFile; fileRef = 8BA19816275B93D0002B717E /* AppDelegate.swift */; };
		8BA19819275B93D0002B717E /* SceneDelegate.swift in Sources */ = {isa = PBXBuildFile; fileRef = 8BA19818275B93D0002B717E /* SceneDelegate.swift */; };
		8BA1981B275B93D0002B717E /* ContentView.swift in Sources */ = {isa = PBXBuildFile; fileRef = 8BA1981A275B93D0002B717E /* ContentView.swift */; };
		8BA1981D275B93D3002B717E /* Assets.xcassets in Resources */ = {isa = PBXBuildFile; fileRef = 8BA1981C275B93D3002B717E /* Assets.xcassets */; };
		8BA19820275B93D3002B717E /* Preview Assets.xcassets in Resources */ = {isa = PBXBuildFile; fileRef = 8BA1981F275B93D3002B717E /* Preview Assets.xcassets */; };
		8BA19823275B93D3002B717E /* LaunchScreen.storyboard in Resources */ = {isa = PBXBuildFile; fileRef = 8BA19821275B93D3002B717E /* LaunchScreen.storyboard */; };
		8BA1982B275B9AC4002B717E /* Fonts in Resources */ = {isa = PBXBuildFile; fileRef = 8BA1982A275B9AC4002B717E /* Fonts */; };
/* End PBXBuildFile section */

/* Begin PBXFileReference section */
		8B9CB7E1275BD27E005C47C1 /* HomeScreen.swift */ = {isa = PBXFileReference; lastKnownFileType = sourcecode.swift; path = HomeScreen.swift; sourceTree = "<group>"; };
		8B9CB7E3275BEC62005C47C1 /* DetailScreen.swift */ = {isa = PBXFileReference; lastKnownFileType = sourcecode.swift; path = DetailScreen.swift; sourceTree = "<group>"; };
		8BA19813275B93D0002B717E /* ShopApp.app */ = {isa = PBXFileReference; explicitFileType = wrapper.application; includeInIndex = 0; path = ShopApp.app; sourceTree = BUILT_PRODUCTS_DIR; };
		8BA19816275B93D0002B717E /* AppDelegate.swift */ = {isa = PBXFileReference; lastKnownFileType = sourcecode.swift; path = AppDelegate.swift; sourceTree = "<group>"; };
		8BA19818275B93D0002B717E /* SceneDelegate.swift */ = {isa = PBXFileReference; lastKnownFileType = sourcecode.swift; path = SceneDelegate.swift; sourceTree = "<group>"; };
		8BA1981A275B93D0002B717E /* ContentView.swift */ = {isa = PBXFileReference; lastKnownFileType = sourcecode.swift; path = ContentView.swift; sourceTree = "<group>"; };
		8BA1981C275B93D3002B717E /* Assets.xcassets */ = {isa = PBXFileReference; lastKnownFileType = folder.assetcatalog; path = Assets.xcassets; sourceTree = "<group>"; };
		8BA1981F275B93D3002B717E /* Preview Assets.xcassets */ = {isa = PBXFileReference; lastKnownFileType = folder.assetcatalog; path = "Preview Assets.xcassets"; sourceTree = "<group>"; };
		8BA19822275B93D3002B717E /* Base */ = {isa = PBXFileReference; lastKnownFileType = file.storyboard; name = Base; path = Base.lproj/LaunchScreen.storyboard; sourceTree = "<group>"; };
		8BA19824275B93D3002B717E /* Info.plist */ = {isa = PBXFileReference; lastKnownFileType = text.plist.xml; path = Info.plist; sourceTree = "<group>"; };
		8BA1982A275B9AC4002B717E /* Fonts */ = {isa = PBXFileReference; lastKnownFileType = folder; name = Fonts; path = "../../../Downloads/Furniture-Shop-App-UI-SwiftUI-Starting_Project/Furniture_app/Fonts"; sourceTree = "<group>"; };
/* End PBXFileReference section */

/* Begin PBXFrameworksBuildPhase section */
		8BA19810275B93D0002B717E /* Frameworks */ = {
			isa = PBXFrameworksBuildPhase;
			buildActionMask = 2147483647;
			files = (
			);
			runOnlyForDeploymentPostprocessing = 0;
		};
/* End PBXFrameworksBuildPhase section */

/* Begin PBXGroup section */
		8B9CB7E0275BD24A005C47C1 /* Screens */ = {
			isa = PBXGroup;
			children = (
				8B9CB7E1275BD27E005C47C1 /* HomeScreen.swift */,
				8B9CB7E3275BEC62005C47C1 /* DetailScreen.swift */,
			);
			path = Screens;
			sourceTree = "<group>";
		};
		8BA1980A275B93D0002B717E = {
			isa = PBXGroup;
			children = (
				8BA19815275B93D0002B717E /* ShopApp */,
				8BA19814275B93D0002B717E /* Products */,
			);
			sourceTree = "<group>";
		};
		8BA19814275B93D0002B717E /* Products */ = {
			isa = PBXGroup;
			children = (
				8BA19813275B93D0002B717E /* ShopApp.app */,
			);
			name = Products;
			sourceTree = "<group>";
		};
		8BA19815275B93D0002B717E /* ShopApp */ = {
			isa = PBXGroup;
			children = (
				8B9CB7E0275BD24A005C47C1 /* Screens */,
				8BA1982A275B9AC4002B717E /* Fonts */,
				8BA19816275B93D0002B717E /* AppDelegate.swift */,
				8BA19818275B93D0002B717E /* SceneDelegate.swift */,
				8BA1981A275B93D0002B717E /* ContentView.swift */,
				8BA1981C275B93D3002B717E /* Assets.xcassets */,
				8BA19821275B93D3002B717E /* LaunchScreen.storyboard */,
				8BA19824275B93D3002B717E /* Info.plist */,
				8BA1981E275B93D3002B717E /* Preview Content */,
			);
			path = ShopApp;
			sourceTree = "<group>";
		};
		8BA1981E275B93D3002B717E /* Preview Content */ = {
			isa = PBXGroup;
			children = (
				8BA1981F275B93D3002B717E /* Preview Assets.xcassets */,
			);
			path = "Preview Content";
			sourceTree = "<group>";
		};
/* End PBXGroup section */

/* Begin PBXNativeTarget section */
		8BA19812275B93D0002B717E /* Shop App */ = {
			isa = PBXNativeTarget;
			buildConfigurationList = 8BA19827275B93D3002B717E /* Build configuration list for PBXNativeTarget "Shop App" */;
			buildPhases = (
				8BA1980F275B93D0002B717E /* Sources */,
				8BA19810275B93D0002B717E /* Frameworks */,
				8BA19811275B93D0002B717E /* Resources */,
			);
			buildRules = (
			);
			dependencies = (
			);
			name = "Shop App";
			productName = "Shop App";
			productReference = 8BA19813275B93D0002B717E /* ShopApp.app */;
			productType = "com.apple.product-type.application";
		};
/* End PBXNativeTarget section */

/* Begin PBXProject section */
		8BA1980B275B93D0002B717E /* Project object */ = {
			isa = PBXProject;
			attributes = {
				LastSwiftUpdateCheck = 1110;
				LastUpgradeCheck = 1110;
				ORGANIZATIONNAME = Developer;
				TargetAttributes = {
					8BA19812275B93D0002B717E = {
						CreatedOnToolsVersion = 11.1;
					};
				};
			};
			buildConfigurationList = 8BA1980E275B93D0002B717E /* Build configuration list for PBXProject "ShopApp" */;
			compatibilityVersion = "Xcode 9.3";
			developmentRegion = en;
			hasScannedForEncodings = 0;
			knownRegions = (
				en,
				Base,
			);
			mainGroup = 8BA1980A275B93D0002B717E;
			productRefGroup = 8BA19814275B93D0002B717E /* Products */;
			projectDirPath = "";
			projectRoot = "";
			targets = (
				8BA19812275B93D0002B717E /* Shop App */,
			);
		};
/* End PBXProject section */

/* Begin PBXResourcesBuildPhase section */
		8BA19811275B93D0002B717E /* Resources */ = {
			isa = PBXResourcesBuildPhase;
			buildActionMask = 2147483647;
			files = (
				8BA19823275B93D3002B717E /* LaunchScreen.storyboard in Resources */,
				8BA19820275B93D3002B717E /* Preview Assets.xcassets in Resources */,
				8BA1981D275B93D3002B717E /* Assets.xcassets in Resources */,
				8BA1982B275B9AC4002B717E /* Fonts in Resources */,
			);
			runOnlyForDeploymentPostprocessing = 0;
		};
/* End PBXResourcesBuildPhase section */

/* Begin PBXSourcesBuildPhase section */
		8BA1980F275B93D0002B717E /* Sources */ = {
			isa = PBXSourcesBuildPhase;
			buildActionMask = 2147483647;
			files = (
				8B9CB7E4275BEC62005C47C1 /* DetailScreen.swift in Sources */,
				8B9CB7E2275BD27E005C47C1 /* HomeScreen.swift in Sources */,
				8BA19817275B93D0002B717E /* AppDelegate.swift in Sources */,
				8BA19819275B93D0002B717E /* SceneDelegate.swift in Sources */,
				8BA1981B275B93D0002B717E /* ContentView.swift in Sources */,
			);
			runOnlyForDeploymentPostprocessing = 0;
		};
/* End PBXSourcesBuildPhase section */

/* Begin PBXVariantGroup section */
		8BA19821275B93D3002B717E /* LaunchScreen.storyboard */ = {
			isa = PBXVariantGroup;
			children = (
				8BA19822275B93D3002B717E /* Base */,
			);
			name = LaunchScreen.storyboard;
			sourceTree = "<group>";
		};
/* End PBXVariantGroup section */

/* Begin XCBuildConfiguration section */
		8BA19825275B93D3002B717E /* Debug */ = {
			isa = XCBuildConfiguration;
			buildSettings = {
				ALWAYS_SEARCH_USER_PATHS = NO;
				CLANG_ANALYZER_NONNULL = YES;
				CLANG_ANALYZER_NUMBER_OBJECT_CONVERSION = YES_AGGRESSIVE;
				CLANG_CXX_LANGUAGE_STANDARD = "gnu++14";
				CLANG_CXX_LIBRARY = "libc++";
				CLANG_ENABLE_MODULES = YES;
				CLANG_ENABLE_OBJC_ARC = YES;
				CLANG_ENABLE_OBJC_WEAK = YES;
				CLANG_WARN_BLOCK_CAPTURE_AUTORELEASING = YES;
				CLANG_WARN_BOOL_CONVERSION = YES;
				CLANG_WARN_COMMA = YES;
				CLANG_WARN_CONSTANT_CONVERSION = YES;
				CLANG_WARN_DEPRECATED_OBJC_IMPLEMENTATIONS = YES;
				CLANG_WARN_DIRECT_OBJC_ISA_USAGE = YES_ERROR;
				CLANG_WARN_DOCUMENTATION_COMMENTS = YES;
				CLANG_WARN_EMPTY_BODY = YES;
				CLANG_WARN_ENUM_CONVERSION = YES;
				CLANG_WARN_INFINITE_RECURSION = YES;
				CLANG_WARN_INT_CONVERSION = YES;
				CLANG_WARN_NON_LITERAL_NULL_CONVERSION = YES;
				CLANG_WARN_OBJC_IMPLICIT_RETAIN_SELF = YES;
				CLANG_WARN_OBJC_LITERAL_CONVERSION = YES;
				CLANG_WARN_OBJC_ROOT_CLASS = YES_ERROR;
				CLANG_WARN_RANGE_LOOP_ANALYSIS = YES;
				CLANG_WARN_STRICT_PROTOTYPES = YES;
				CLANG_WARN_SUSPICIOUS_MOVE = YES;
				CLANG_WARN_UNGUARDED_AVAILABILITY = YES_AGGRESSIVE;
				CLANG_WARN_UNREACHABLE_CODE = YES;
				CLANG_WARN__DUPLICATE_METHOD_MATCH = YES;
				COPY_PHASE_STRIP = NO;
				DEBUG_INFORMATION_FORMAT = dwarf;
				ENABLE_STRICT_OBJC_MSGSEND = YES;
				ENABLE_TESTABILITY = YES;
				GCC_C_LANGUAGE_STANDARD = gnu11;
				GCC_DYNAMIC_NO_PIC = NO;
				GCC_NO_COMMON_BLOCKS = YES;
				GCC_OPTIMIZATION_LEVEL = 0;
				GCC_PREPROCESSOR_DEFINITIONS = (
					"DEBUG=1",
					"$(inherited)",
				);
				GCC_WARN_64_TO_32_BIT_CONVERSION = YES;
				GCC_WARN_ABOUT_RETURN_TYPE = YES_ERROR;
				GCC_WARN_UNDECLARED_SELECTOR = YES;
				GCC_WARN_UNINITIALIZED_AUTOS = YES_AGGRESSIVE;
				GCC_WARN_UNUSED_FUNCTION = YES;
				GCC_WARN_UNUSED_VARIABLE = YES;
				IPHONEOS_DEPLOYMENT_TARGET = 13.1;
				MTL_ENABLE_DEBUG_INFO = INCLUDE_SOURCE;
				MTL_FAST_MATH = YES;
				ONLY_ACTIVE_ARCH = YES;
				SDKROOT = iphoneos;
				SWIFT_ACTIVE_COMPILATION_CONDITIONS = DEBUG;
				SWIFT_OPTIMIZATION_LEVEL = "-Onone";
			};
			name = Debug;
		};
		8BA19826275B93D3002B717E /* Release */ = {
			isa = XCBuildConfiguration;
			buildSettings = {
				ALWAYS_SEARCH_USER_PATHS = NO;
				CLANG_ANALYZER_NONNULL = YES;
				CLANG_ANALYZER_NUMBER_OBJECT_CONVERSION = YES_AGGRESSIVE;
				CLANG_CXX_LANGUAGE_STANDARD = "gnu++14";
				CLANG_CXX_LIBRARY = "libc++";
				CLANG_ENABLE_MODULES = YES;
				CLANG_ENABLE_OBJC_ARC = YES;
				CLANG_ENABLE_OBJC_WEAK = YES;
				CLANG_WARN_BLOCK_CAPTURE_AUTORELEASING = YES;
				CLANG_WARN_BOOL_CONVERSION = YES;
				CLANG_WARN_COMMA = YES;
				CLANG_WARN_CONSTANT_CONVERSION = YES;
				CLANG_WARN_DEPRECATED_OBJC_IMPLEMENTATIONS = YES;
				CLANG_WARN_DIRECT_OBJC_ISA_USAGE = YES_ERROR;
				CLANG_WARN_DOCUMENTATION_COMMENTS = YES;
				CLANG_WARN_EMPTY_BODY = YES;
				CLANG_WARN_ENUM_CONVERSION = YES;
				CLANG_WARN_INFINITE_RECURSION = YES;
				CLANG_WARN_INT_CONVERSION = YES;
				CLANG_WARN_NON_LITERAL_NULL_CONVERSION = YES;
				CLANG_WARN_OBJC_IMPLICIT_RETAIN_SELF = YES;
				CLANG_WARN_OBJC_LITERAL_CONVERSION = YES;
				CLANG_WARN_OBJC_ROOT_CLASS = YES_ERROR;
				CLANG_WARN_RANGE_LOOP_ANALYSIS = YES;
				CLANG_WARN_STRICT_PROTOTYPES = YES;
				CLANG_WARN_SUSPICIOUS_MOVE = YES;
				CLANG_WARN_UNGUARDED_AVAILABILITY = YES_AGGRESSIVE;
				CLANG_WARN_UNREACHABLE_CODE = YES;
				CLANG_WARN__DUPLICATE_METHOD_MATCH = YES;
				COPY_PHASE_STRIP = NO;
				DEBUG_INFORMATION_FORMAT = "dwarf-with-dsym";
				ENABLE_NS_ASSERTIONS = NO;
				ENABLE_STRICT_OBJC_MSGSEND = YES;
				GCC_C_LANGUAGE_STANDARD = gnu11;
				GCC_NO_COMMON_BLOCKS = YES;
				GCC_WARN_64_TO_32_BIT_CONVERSION = YES;
				GCC_WARN_ABOUT_RETURN_TYPE = YES_ERROR;
				GCC_WARN_UNDECLARED_SELECTOR = YES;
				GCC_WARN_UNINITIALIZED_AUTOS = YES_AGGRESSIVE;
				GCC_WARN_UNUSED_FUNCTION = YES;
				GCC_WARN_UNUSED_VARIABLE = YES;
				IPHONEOS_DEPLOYMENT_TARGET = 13.1;
				MTL_ENABLE_DEBUG_INFO = NO;
				MTL_FAST_MATH = YES;
				SDKROOT = iphoneos;
				SWIFT_COMPILATION_MODE = wholemodule;
				SWIFT_OPTIMIZATION_LEVEL = "-O";
				VALIDATE_PRODUCT = YES;
			};
			name = Release;
		};
		8BA19828275B93D3002B717E /* Debug */ = {
			isa = XCBuildConfiguration;
			buildSettings = {
				ASSETCATALOG_COMPILER_APPICON_NAME = AppIcon;
				CODE_SIGN_STYLE = Automatic;
				DEVELOPMENT_ASSET_PATHS = "\"ShopApp/Preview Content\"";
				ENABLE_PREVIEWS = YES;
				INFOPLIST_FILE = ShopApp/Info.plist;
				LD_RUNPATH_SEARCH_PATHS = (
					"$(inherited)",
					"@executable_path/Frameworks",
				);
				PRODUCT_BUNDLE_IDENTIFIER = "wesleytyber.Shop-App";
				PRODUCT_NAME = ShopApp;
				SWIFT_VERSION = 5.0;
				TARGETED_DEVICE_FAMILY = "1,2";
			};
			name = Debug;
		};
		8BA19829275B93D3002B717E /* Release */ = {
			isa = XCBuildConfiguration;
			buildSettings = {
				ASSETCATALOG_COMPILER_APPICON_NAME = AppIcon;
				CODE_SIGN_STYLE = Automatic;
				DEVELOPMENT_ASSET_PATHS = "\"ShopApp/Preview Content\"";
				ENABLE_PREVIEWS = YES;
				INFOPLIST_FILE = ShopApp/Info.plist;
				LD_RUNPATH_SEARCH_PATHS = (
					"$(inherited)",
					"@executable_path/Frameworks",
				);
				PRODUCT_BUNDLE_IDENTIFIER = "wesleytyber.Shop-App";
				PRODUCT_NAME = ShopApp;
				SWIFT_VERSION = 5.0;
				TARGETED_DEVICE_FAMILY = "1,2";
			};
			name = Release;
		};
/* End XCBuildConfiguration section */

/* Begin XCConfigurationList section */
		8BA1980E275B93D0002B717E /* Build configuration list for PBXProject "ShopApp" */ = {
			isa = XCConfigurationList;
			buildConfigurations = (
				8BA19825275B93D3002B717E /* Debug */,
				8BA19826275B93D3002B717E /* Release */,
			);
			defaultConfigurationIsVisible = 0;
			defaultConfigurationName = Release;
		};
		8BA19827275B93D3002B717E /* Build configuration list for PBXNativeTarget "Shop App" */ = {
			isa = XCConfigurationList;
			buildConfigurations = (
				8BA19828275B93D3002B717E /* Debug */,
				8BA19829275B93D3002B717E /* Release */,
			);
			defaultConfigurationIsVisible = 0;
			defaultConfigurationName = Release;
		};
/* End XCConfigurationList section */
	};
	rootObject = 8BA1980B275B93D0002B717E /* Project object */;
}
